
Microsoft Visual Studio Solution File, Format Version 12.00
# Visual Studio Version 17
VisualStudioVersion = 17.1.32319.34
MinimumVisualStudioVersion = 10.0.40219.1
Project("{FAE04EC0-301F-11D3-BF4B-00C04F79EFBC}") = "P03_FootballBetting.Data", "P03_FootballBetting.Data\P03_FootballBetting.Data.csproj", "{9BC60384-8AA3-4CEA-B521-F999C7348747}"
EndProject
Project("{FAE04EC0-301F-11D3-BF4B-00C04F79EFBC}") = "P03_FootballBetting.Data.Models", "P03_FootballBetting.Data.Models\P03_FootballBetting.Data.Models.csproj", "{B301265A-AF68-415D-9441-A4989DA54034}"
EndProject
Project("{FAE04EC0-301F-11D3-BF4B-00C04F79EFBC}") = "P03_FootballBetting", "P03_FootballBetting\P03_FootballBetting.csproj", "{CCAFBA62-BBA1-42D7-9201-9D9ACFC1FF27}"
EndProject
Global
	GlobalSection(SolutionConfigurationPlatforms) = preSolution
		Debug|Any CPU = Debug|Any CPU
		Release|Any CPU = Release|Any CPU
	EndGlobalSection
	GlobalSection(ProjectConfigurationPlatforms) = postSolution
		{9BC60384-8AA3-4CEA-B521-F999C7348747}.Debug|Any CPU.ActiveCfg = Debug|Any CPU
		{9BC60384-8AA3-4CEA-B521-F999C7348747}.Debug|Any CPU.Build.0 = Debug|Any CPU
		{9BC60384-8AA3-4CEA-B521-F999C7348747}.Release|Any CPU.ActiveCfg = Release|Any CPU
		{9BC60384-8AA3-4CEA-B521-F999C7348747}.Release|Any CPU.Build.0 = Release|Any CPU
		{B301265A-AF68-415D-9441-A4989DA54034}.Debug|Any CPU.ActiveCfg = Debug|Any CPU
		{B301265A-AF68-415D-9441-A4989DA54034}.Debug|Any CPU.Build.0 = Debug|Any CPU
		{B301265A-AF68-415D-9441-A4989DA54034}.Release|Any CPU.ActiveCfg = Release|Any CPU
		{B301265A-AF68-415D-9441-A4989DA54034}.Release|Any CPU.Build.0 = Release|Any CPU
		{CCAFBA62-BBA1-42D7-9201-9D9ACFC1FF27}.Debug|Any CPU.ActiveCfg = Debug|Any CPU
		{CCAFBA62-BBA1-42D7-9201-9D9ACFC1FF27}.Debug|Any CPU.Build.0 = Debug|Any CPU
		{CCAFBA62-BBA1-42D7-9201-9D9ACFC1FF27}.Release|Any CPU.ActiveCfg = Release|Any CPU
		{CCAFBA62-BBA1-42D7-9201-9D9ACFC1FF27}.Release|Any CPU.Build.0 = Release|Any CPU
	EndGlobalSection
	GlobalSection(SolutionProperties) = preSolution
		HideSolutionNode = FALSE
	EndGlobalSection
	GlobalSection(ExtensibilityGlobals) = postSolution
		SolutionGuid = {E6373FB9-0F14-4B5A-86A7-A2237899C982}
	EndGlobalSection
EndGlobal
